// !$*UTF8*$!
{
	archiveVersion = 1;
	classes = {
	};
	objectVersion = 50;
	objects = {

/* Begin PBXBuildFile section */
		FB1CF87E2242FF5400033D18 /* TutorialOrGamesViewController.swift in Sources */ = {isa = PBXBuildFile; fileRef = FB1CF87D2242FF5400033D18 /* TutorialOrGamesViewController.swift */; };
		FB9042AB2242F1100022832C /* AppDelegate.swift in Sources */ = {isa = PBXBuildFile; fileRef = FB9042AA2242F1100022832C /* AppDelegate.swift */; };
		FB9042B02242F1100022832C /* Main.storyboard in Resources */ = {isa = PBXBuildFile; fileRef = FB9042AE2242F1100022832C /* Main.storyboard */; };
		FB9042B22242F1130022832C /* Assets.xcassets in Resources */ = {isa = PBXBuildFile; fileRef = FB9042B12242F1130022832C /* Assets.xcassets */; };
		FB9042B52242F1130022832C /* LaunchScreen.storyboard in Resources */ = {isa = PBXBuildFile; fileRef = FB9042B32242F1130022832C /* LaunchScreen.storyboard */; };
		FB9042BD2242F1D90022832C /* OperationsMenuTableViewController.swift in Sources */ = {isa = PBXBuildFile; fileRef = FB9042BC2242F1D90022832C /* OperationsMenuTableViewController.swift */; };
		FB9042BF2242F2240022832C /* Operations.swift in Sources */ = {isa = PBXBuildFile; fileRef = FB9042BE2242F2240022832C /* Operations.swift */; };
/* End PBXBuildFile section */

/* Begin PBXFileReference section */
		FB1CF87D2242FF5400033D18 /* TutorialOrGamesViewController.swift */ = {isa = PBXFileReference; lastKnownFileType = sourcecode.swift; path = TutorialOrGamesViewController.swift; sourceTree = "<group>"; };
		FB9042A72242F1100022832C /* MathOperationsGames.app */ = {isa = PBXFileReference; explicitFileType = wrapper.application; includeInIndex = 0; path = MathOperationsGames.app; sourceTree = BUILT_PRODUCTS_DIR; };
		FB9042AA2242F1100022832C /* AppDelegate.swift */ = {isa = PBXFileReference; lastKnownFileType = sourcecode.swift; path = AppDelegate.swift; sourceTree = "<group>"; };
		FB9042AF2242F1100022832C /* Base */ = {isa = PBXFileReference; lastKnownFileType = file.storyboard; name = Base; path = Base.lproj/Main.storyboard; sourceTree = "<group>"; };
		FB9042B12242F1130022832C /* Assets.xcassets */ = {isa = PBXFileReference; lastKnownFileType = folder.assetcatalog; path = Assets.xcassets; sourceTree = "<group>"; };
		FB9042B42242F1130022832C /* Base */ = {isa = PBXFileReference; lastKnownFileType = file.storyboard; name = Base; path = Base.lproj/LaunchScreen.storyboard; sourceTree = "<group>"; };
		FB9042B62242F1130022832C /* Info.plist */ = {isa = PBXFileReference; lastKnownFileType = text.plist.xml; path = Info.plist; sourceTree = "<group>"; };
		FB9042BC2242F1D90022832C /* OperationsMenuTableViewController.swift */ = {isa = PBXFileReference; lastKnownFileType = sourcecode.swift; path = OperationsMenuTableViewController.swift; sourceTree = "<group>"; };
		FB9042BE2242F2240022832C /* Operations.swift */ = {isa = PBXFileReference; lastKnownFileType = sourcecode.swift; path = Operations.swift; sourceTree = "<group>"; };
/* End PBXFileReference section */

/* Begin PBXFrameworksBuildPhase section */
		FB9042A42242F1100022832C /* Frameworks */ = {
			isa = PBXFrameworksBuildPhase;
			buildActionMask = 2147483647;
			files = (
			);
			runOnlyForDeploymentPostprocessing = 0;
		};
/* End PBXFrameworksBuildPhase section */

/* Begin PBXGroup section */
		FB90429E2242F1100022832C = {
			isa = PBXGroup;
			children = (
				FB9042A92242F1100022832C /* MathOperationsGames */,
				FB9042A82242F1100022832C /* Products */,
			);
			sourceTree = "<group>";
		};
		FB9042A82242F1100022832C /* Products */ = {
			isa = PBXGroup;
			children = (
				FB9042A72242F1100022832C /* MathOperationsGames.app */,
			);
			name = Products;
			sourceTree = "<group>";
		};
		FB9042A92242F1100022832C /* MathOperationsGames */ = {
			isa = PBXGroup;
			children = (
				FB9042AA2242F1100022832C /* AppDelegate.swift */,
				FB9042AE2242F1100022832C /* Main.storyboard */,
				FB1CF87D2242FF5400033D18 /* TutorialOrGamesViewController.swift */,
				FB9042BE2242F2240022832C /* Operations.swift */,
				FB9042BC2242F1D90022832C /* OperationsMenuTableViewController.swift */,
				FB9042B12242F1130022832C /* Assets.xcassets */,
				FB9042B32242F1130022832C /* LaunchScreen.storyboard */,
				FB9042B62242F1130022832C /* Info.plist */,
			);
			path = MathOperationsGames;
			sourceTree = "<group>";
		};
/* End PBXGroup section */

/* Begin PBXNativeTarget section */
		FB9042A62242F1100022832C /* MathOperationsGames */ = {
			isa = PBXNativeTarget;
			buildConfigurationList = FB9042B92242F1130022832C /* Build configuration list for PBXNativeTarget "MathOperationsGames" */;
			buildPhases = (
				FB9042A32242F1100022832C /* Sources */,
				FB9042A42242F1100022832C /* Frameworks */,
				FB9042A52242F1100022832C /* Resources */,
			);
			buildRules = (
			);
			dependencies = (
			);
			name = MathOperationsGames;
			productName = MathOperationsGames;
			productReference = FB9042A72242F1100022832C /* MathOperationsGames.app */;
			productType = "com.apple.product-type.application";
		};
/* End PBXNativeTarget section */

/* Begin PBXProject section */
		FB90429F2242F1100022832C /* Project object */ = {
			isa = PBXProject;
			attributes = {
				LastSwiftUpdateCheck = 1010;
				LastUpgradeCheck = 1010;
				ORGANIZATIONNAME = ITESM;
				TargetAttributes = {
					FB9042A62242F1100022832C = {
						CreatedOnToolsVersion = 10.1;
					};
				};
			};
			buildConfigurationList = FB9042A22242F1100022832C /* Build configuration list for PBXProject "MathOperationsGames" */;
			compatibilityVersion = "Xcode 9.3";
			developmentRegion = en;
			hasScannedForEncodings = 0;
			knownRegions = (
				en,
				Base,
			);
			mainGroup = FB90429E2242F1100022832C;
			productRefGroup = FB9042A82242F1100022832C /* Products */;
			projectDirPath = "";
			projectRoot = "";
			targets = (
				FB9042A62242F1100022832C /* MathOperationsGames */,
			);
		};
/* End PBXProject section */

/* Begin PBXResourcesBuildPhase section */
		FB9042A52242F1100022832C /* Resources */ = {
			isa = PBXResourcesBuildPhase;
			buildActionMask = 2147483647;
			files = (
				FB9042B52242F1130022832C /* LaunchScreen.storyboard in Resources */,
				FB9042B22242F1130022832C /* Assets.xcassets in Resources */,
				FB9042B02242F1100022832C /* Main.storyboard in Resources */,
			);
			runOnlyForDeploymentPostprocessing = 0;
		};
/* End PBXResourcesBuildPhase section */

/* Begin PBXSourcesBuildPhase section */
		FB9042A32242F1100022832C /* Sources */ = {
			isa = PBXSourcesBuildPhase;
			buildActionMask = 2147483647;
			files = (
				FB9042BF2242F2240022832C /* Operations.swift in Sources */,
				FB9042BD2242F1D90022832C /* OperationsMenuTableViewController.swift in Sources */,
				FB9042AB2242F1100022832C /* AppDelegate.swift in Sources */,
				FB1CF87E2242FF5400033D18 /* TutorialOrGamesViewController.swift in Sources */,
			);
			runOnlyForDeploymentPostprocessing = 0;
		};
/* End PBXSourcesBuildPhase section */

/* Begin PBXVariantGroup section */
		FB9042AE2242F1100022832C /* Main.storyboard */ = {
			isa = PBXVariantGroup;
			children = (
				FB9042AF2242F1100022832C /* Base */,
			);
			name = Main.storyboard;
			sourceTree = "<group>";
		};
		FB9042B32242F1130022832C /* LaunchScreen.storyboard */ = {
			isa = PBXVariantGroup;
			children = (
				FB9042B42242F1130022832C /* Base */,
			);
			name = LaunchScreen.storyboard;
			sourceTree = "<group>";
		};
/* End PBXVariantGroup section */

/* Begin XCBuildConfiguration section */
		FB9042B72242F1130022832C /* Debug */ = {
			isa = XCBuildConfiguration;
			buildSettings = {
				ALWAYS_SEARCH_USER_PATHS = NO;
				CLANG_ANALYZER_NONNULL = YES;
				CLANG_ANALYZER_NUMBER_OBJECT_CONVERSION = YES_AGGRESSIVE;
				CLANG_CXX_LANGUAGE_STANDARD = "gnu++14";
				CLANG_CXX_LIBRARY = "libc++";
				CLANG_ENABLE_MODULES = YES;
				CLANG_ENABLE_OBJC_ARC = YES;
				CLANG_ENABLE_OBJC_WEAK = YES;
				CLANG_WARN_BLOCK_CAPTURE_AUTORELEASING = YES;
				CLANG_WARN_BOOL_CONVERSION = YES;
				CLANG_WARN_COMMA = YES;
				CLANG_WARN_CONSTANT_CONVERSION = YES;
				CLANG_WARN_DEPRECATED_OBJC_IMPLEMENTATIONS = YES;
				CLANG_WARN_DIRECT_OBJC_ISA_USAGE = YES_ERROR;
				CLANG_WARN_DOCUMENTATION_COMMENTS = YES;
				CLANG_WARN_EMPTY_BODY = YES;
				CLANG_WARN_ENUM_CONVERSION = YES;
				CLANG_WARN_INFINITE_RECURSION = YES;
				CLANG_WARN_INT_CONVERSION = YES;
				CLANG_WARN_NON_LITERAL_NULL_CONVERSION = YES;
				CLANG_WARN_OBJC_IMPLICIT_RETAIN_SELF = YES;
				CLANG_WARN_OBJC_LITERAL_CONVERSION = YES;
				CLANG_WARN_OBJC_ROOT_CLASS = YES_ERROR;
				CLANG_WARN_RANGE_LOOP_ANALYSIS = YES;
				CLANG_WARN_STRICT_PROTOTYPES = YES;
				CLANG_WARN_SUSPICIOUS_MOVE = YES;
				CLANG_WARN_UNGUARDED_AVAILABILITY = YES_AGGRESSIVE;
				CLANG_WARN_UNREACHABLE_CODE = YES;
				CLANG_WARN__DUPLICATE_METHOD_MATCH = YES;
				CODE_SIGN_IDENTITY = "iPhone Developer";
				COPY_PHASE_STRIP = NO;
				DEBUG_INFORMATION_FORMAT = dwarf;
				ENABLE_STRICT_OBJC_MSGSEND = YES;
				ENABLE_TESTABILITY = YES;
				GCC_C_LANGUAGE_STANDARD = gnu11;
				GCC_DYNAMIC_NO_PIC = NO;
				GCC_NO_COMMON_BLOCKS = YES;
				GCC_OPTIMIZATION_LEVEL = 0;
				GCC_PREPROCESSOR_DEFINITIONS = (
					"DEBUG=1",
					"$(inherited)",
				);
				GCC_WARN_64_TO_32_BIT_CONVERSION = YES;
				GCC_WARN_ABOUT_RETURN_TYPE = YES_ERROR;
				GCC_WARN_UNDECLARED_SELECTOR = YES;
				GCC_WARN_UNINITIALIZED_AUTOS = YES_AGGRESSIVE;
				GCC_WARN_UNUSED_FUNCTION = YES;
				GCC_WARN_UNUSED_VARIABLE = YES;
				IPHONEOS_DEPLOYMENT_TARGET = 12.1;
				MTL_ENABLE_DEBUG_INFO = INCLUDE_SOURCE;
				MTL_FAST_MATH = YES;
				ONLY_ACTIVE_ARCH = YES;
				SDKROOT = iphoneos;
				SWIFT_ACTIVE_COMPILATION_CONDITIONS = DEBUG;
				SWIFT_OPTIMIZATION_LEVEL = "-Onone";
			};
			name = Debug;
		};
		FB9042B82242F1130022832C /* Release */ = {
			isa = XCBuildConfiguration;
			buildSettings = {
				ALWAYS_SEARCH_USER_PATHS = NO;
				CLANG_ANALYZER_NONNULL = YES;
				CLANG_ANALYZER_NUMBER_OBJECT_CONVERSION = YES_AGGRESSIVE;
				CLANG_CXX_LANGUAGE_STANDARD = "gnu++14";
				CLANG_CXX_LIBRARY = "libc++";
				CLANG_ENABLE_MODULES = YES;
				CLANG_ENABLE_OBJC_ARC = YES;
				CLANG_ENABLE_OBJC_WEAK = YES;
				CLANG_WARN_BLOCK_CAPTURE_AUTORELEASING = YES;
				CLANG_WARN_BOOL_CONVERSION = YES;
				CLANG_WARN_COMMA = YES;
				CLANG_WARN_CONSTANT_CONVERSION = YES;
				CLANG_WARN_DEPRECATED_OBJC_IMPLEMENTATIONS = YES;
				CLANG_WARN_DIRECT_OBJC_ISA_USAGE = YES_ERROR;
				CLANG_WARN_DOCUMENTATION_COMMENTS = YES;
				CLANG_WARN_EMPTY_BODY = YES;
				CLANG_WARN_ENUM_CONVERSION = YES;
				CLANG_WARN_INFINITE_RECURSION = YES;
				CLANG_WARN_INT_CONVERSION = YES;
				CLANG_WARN_NON_LITERAL_NULL_CONVERSION = YES;
				CLANG_WARN_OBJC_IMPLICIT_RETAIN_SELF = YES;
				CLANG_WARN_OBJC_LITERAL_CONVERSION = YES;
				CLANG_WARN_OBJC_ROOT_CLASS = YES_ERROR;
				CLANG_WARN_RANGE_LOOP_ANALYSIS = YES;
				CLANG_WARN_STRICT_PROTOTYPES = YES;
				CLANG_WARN_SUSPICIOUS_MOVE = YES;
				CLANG_WARN_UNGUARDED_AVAILABILITY = YES_AGGRESSIVE;
				CLANG_WARN_UNREACHABLE_CODE = YES;
				CLANG_WARN__DUPLICATE_METHOD_MATCH = YES;
				CODE_SIGN_IDENTITY = "iPhone Developer";
				COPY_PHASE_STRIP = NO;
				DEBUG_INFORMATION_FORMAT = "dwarf-with-dsym";
				ENABLE_NS_ASSERTIONS = NO;
				ENABLE_STRICT_OBJC_MSGSEND = YES;
				GCC_C_LANGUAGE_STANDARD = gnu11;
				GCC_NO_COMMON_BLOCKS = YES;
				GCC_WARN_64_TO_32_BIT_CONVERSION = YES;
				GCC_WARN_ABOUT_RETURN_TYPE = YES_ERROR;
				GCC_WARN_UNDECLARED_SELECTOR = YES;
				GCC_WARN_UNINITIALIZED_AUTOS = YES_AGGRESSIVE;
				GCC_WARN_UNUSED_FUNCTION = YES;
				GCC_WARN_UNUSED_VARIABLE = YES;
				IPHONEOS_DEPLOYMENT_TARGET = 12.1;
				MTL_ENABLE_DEBUG_INFO = NO;
				MTL_FAST_MATH = YES;
				SDKROOT = iphoneos;
				SWIFT_COMPILATION_MODE = wholemodule;
				SWIFT_OPTIMIZATION_LEVEL = "-O";
				VALIDATE_PRODUCT = YES;
			};
			name = Release;
		};
		FB9042BA2242F1130022832C /* Debug */ = {
			isa = XCBuildConfiguration;
			buildSettings = {
				ASSETCATALOG_COMPILER_APPICON_NAME = AppIcon;
				CODE_SIGN_STYLE = Automatic;
				INFOPLIST_FILE = MathOperationsGames/Info.plist;
				LD_RUNPATH_SEARCH_PATHS = (
					"$(inherited)",
					"@executable_path/Frameworks",
				);
				PRODUCT_BUNDLE_IDENTIFIER = mx.itesm.MathOperationsGames;
				PRODUCT_NAME = "$(TARGET_NAME)";
				SWIFT_VERSION = 4.2;
				TARGETED_DEVICE_FAMILY = "1,2";
			};
			name = Debug;
		};
		FB9042BB2242F1130022832C /* Release */ = {
			isa = XCBuildConfiguration;
			buildSettings = {
				ASSETCATALOG_COMPILER_APPICON_NAME = AppIcon;
				CODE_SIGN_STYLE = Automatic;
				INFOPLIST_FILE = MathOperationsGames/Info.plist;
				LD_RUNPATH_SEARCH_PATHS = (
					"$(inherited)",
					"@executable_path/Frameworks",
				);
				PRODUCT_BUNDLE_IDENTIFIER = mx.itesm.MathOperationsGames;
				PRODUCT_NAME = "$(TARGET_NAME)";
				SWIFT_VERSION = 4.2;
				TARGETED_DEVICE_FAMILY = "1,2";
			};
			name = Release;
		};
/* End XCBuildConfiguration section */

/* Begin XCConfigurationList section */
		FB9042A22242F1100022832C /* Build configuration list for PBXProject "MathOperationsGames" */ = {
			isa = XCConfigurationList;
			buildConfigurations = (
				FB9042B72242F1130022832C /* Debug */,
				FB9042B82242F1130022832C /* Release */,
			);
			defaultConfigurationIsVisible = 0;
			defaultConfigurationName = Release;
		};
		FB9042B92242F1130022832C /* Build configuration list for PBXNativeTarget "MathOperationsGames" */ = {
			isa = XCConfigurationList;
			buildConfigurations = (
				FB9042BA2242F1130022832C /* Debug */,
				FB9042BB2242F1130022832C /* Release */,
			);
			defaultConfigurationIsVisible = 0;
			defaultConfigurationName = Release;
		};
/* End XCConfigurationList section */
	};
	rootObject = FB90429F2242F1100022832C /* Project object */;
}
